{
  "name": "js-cjs-sample",
  "version": "0.0.0",
  "lockfileVersion": 3,
  "requires": true,
  "packages": {
    "": {
      "name": "js-cjs-sample",
      "version": "0.0.0",
      "dependencies": {
        "template-citty-unbuild": "file:../../"
      }
    },
    "../..": {
      "version": "0.1.1",
      "license": "MIT",
      "dependencies": {
        "citty": "^0.1.6",
        "consola": "^3.3.3",
        "defu": "^6.1.4"
      },
      "bin": {
        "template-citty-unbuild": "bin/cli.mjs"
      },
      "devDependencies": {
        "@types/node": "^22.10.2",
        "jiti": "^2.4.2",
        "typescript": "^5.7.2",
        "unbuild": "^3.2.0",
        "vitest": "^2.1.8"
      },
      "engines": {
        "node": ">=18.12"
      },
      "funding": {
        "url": "https://github.com/sponsors/memory-lovers"
      }
    },
    "node_modules/template-citty-unbuild": {
      "resolved": "../..",
      "link": true
    }
  }
}
